// !$*UTF8*$!
{
	archiveVersion = 1;
	classes = {
	};
	objectVersion = 56;
	objects = {

/* Begin PBXBuildFile section */
		767367A72BD46F7A00513603 /* RealityKitContent in Frameworks */ = {isa = PBXBuildFile; productRef = 767367A62BD46F7A00513603 /* RealityKitContent */; };
		767367A92BD46F7A00513603 /* MorosEternalApp.swift in Sources */ = {isa = PBXBuildFile; fileRef = 767367A82BD46F7A00513603 /* MorosEternalApp.swift */; };
		767367AB2BD46F7A00513603 /* ContentView.swift in Sources */ = {isa = PBXBuildFile; fileRef = 767367AA2BD46F7A00513603 /* ContentView.swift */; };
		767367AD2BD46F7A00513603 /* ImmersiveView.swift in Sources */ = {isa = PBXBuildFile; fileRef = 767367AC2BD46F7A00513603 /* ImmersiveView.swift */; };
		767367AF2BD46F7A00513603 /* ImageBasedLighting.skybox in Resources */ = {isa = PBXBuildFile; fileRef = 767367AE2BD46F7A00513603 /* ImageBasedLighting.skybox */; };
		767367B12BD46F7B00513603 /* Assets.xcassets in Resources */ = {isa = PBXBuildFile; fileRef = 767367B02BD46F7B00513603 /* Assets.xcassets */; };
		767367B42BD46F7B00513603 /* Preview Assets.xcassets in Resources */ = {isa = PBXBuildFile; fileRef = 767367B32BD46F7B00513603 /* Preview Assets.xcassets */; };
/* End PBXBuildFile section */

/* Begin PBXFileReference section */
		767367A12BD46F7A00513603 /* Moros: Eternal.app */ = {isa = PBXFileReference; explicitFileType = wrapper.application; includeInIndex = 0; path = "Moros: Eternal.app"; sourceTree = BUILT_PRODUCTS_DIR; };
		767367A52BD46F7A00513603 /* RealityKitContent */ = {isa = PBXFileReference; lastKnownFileType = wrapper; path = RealityKitContent; sourceTree = "<group>"; };
		767367A82BD46F7A00513603 /* MorosEternalApp.swift */ = {isa = PBXFileReference; lastKnownFileType = sourcecode.swift; path = MorosEternalApp.swift; sourceTree = "<group>"; };
		767367AA2BD46F7A00513603 /* ContentView.swift */ = {isa = PBXFileReference; lastKnownFileType = sourcecode.swift; path = ContentView.swift; sourceTree = "<group>"; };
		767367AC2BD46F7A00513603 /* ImmersiveView.swift */ = {isa = PBXFileReference; lastKnownFileType = sourcecode.swift; path = ImmersiveView.swift; sourceTree = "<group>"; };
		767367AE2BD46F7A00513603 /* ImageBasedLighting.skybox */ = {isa = PBXFileReference; lastKnownFileType = file.skybox; path = ImageBasedLighting.skybox; sourceTree = "<group>"; };
		767367B02BD46F7B00513603 /* Assets.xcassets */ = {isa = PBXFileReference; lastKnownFileType = folder.assetcatalog; path = Assets.xcassets; sourceTree = "<group>"; };
		767367B32BD46F7B00513603 /* Preview Assets.xcassets */ = {isa = PBXFileReference; lastKnownFileType = folder.assetcatalog; path = "Preview Assets.xcassets"; sourceTree = "<group>"; };
		767367B52BD46F7B00513603 /* Info.plist */ = {isa = PBXFileReference; lastKnownFileType = text.plist.xml; path = Info.plist; sourceTree = "<group>"; };
/* End PBXFileReference section */

/* Begin PBXFrameworksBuildPhase section */
		7673679E2BD46F7A00513603 /* Frameworks */ = {
			isa = PBXFrameworksBuildPhase;
			buildActionMask = 2147483647;
			files = (
				767367A72BD46F7A00513603 /* RealityKitContent in Frameworks */,
			);
			runOnlyForDeploymentPostprocessing = 0;
		};
/* End PBXFrameworksBuildPhase section */

/* Begin PBXGroup section */
		767367982BD46F7A00513603 = {
			isa = PBXGroup;
			children = (
				767367A32BD46F7A00513603 /* Moros: Eternal */,
				767367A42BD46F7A00513603 /* Packages */,
				767367A22BD46F7A00513603 /* Products */,
			);
			sourceTree = "<group>";
		};
		767367A22BD46F7A00513603 /* Products */ = {
			isa = PBXGroup;
			children = (
				767367A12BD46F7A00513603 /* Moros: Eternal.app */,
			);
			name = Products;
			sourceTree = "<group>";
		};
		767367A32BD46F7A00513603 /* Moros: Eternal */ = {
			isa = PBXGroup;
			children = (
				767367A82BD46F7A00513603 /* MorosEternalApp.swift */,
				767367AA2BD46F7A00513603 /* ContentView.swift */,
				767367AC2BD46F7A00513603 /* ImmersiveView.swift */,
				767367AE2BD46F7A00513603 /* ImageBasedLighting.skybox */,
				767367B02BD46F7B00513603 /* Assets.xcassets */,
				767367B52BD46F7B00513603 /* Info.plist */,
				767367B22BD46F7B00513603 /* Preview Content */,
			);
			path = "Moros: Eternal";
			sourceTree = "<group>";
		};
		767367A42BD46F7A00513603 /* Packages */ = {
			isa = PBXGroup;
			children = (
				767367A52BD46F7A00513603 /* RealityKitContent */,
			);
			path = Packages;
			sourceTree = "<group>";
		};
		767367B22BD46F7B00513603 /* Preview Content */ = {
			isa = PBXGroup;
			children = (
				767367B32BD46F7B00513603 /* Preview Assets.xcassets */,
			);
			path = "Preview Content";
			sourceTree = "<group>";
		};
/* End PBXGroup section */

/* Begin PBXNativeTarget section */
		767367A02BD46F7A00513603 /* Moros: Eternal */ = {
			isa = PBXNativeTarget;
			buildConfigurationList = 767367B82BD46F7B00513603 /* Build configuration list for PBXNativeTarget "Moros: Eternal" */;
			buildPhases = (
				7673679D2BD46F7A00513603 /* Sources */,
				7673679E2BD46F7A00513603 /* Frameworks */,
				7673679F2BD46F7A00513603 /* Resources */,
			);
			buildRules = (
			);
			dependencies = (
			);
			name = "Moros: Eternal";
			packageProductDependencies = (
				767367A62BD46F7A00513603 /* RealityKitContent */,
			);
			productName = "Moros: Eternal";
			productReference = 767367A12BD46F7A00513603 /* Moros: Eternal.app */;
			productType = "com.apple.product-type.application";
		};
/* End PBXNativeTarget section */

/* Begin PBXProject section */
		767367992BD46F7A00513603 /* Project object */ = {
			isa = PBXProject;
			attributes = {
				BuildIndependentTargetsInParallel = 1;
				LastSwiftUpdateCheck = 1530;
				LastUpgradeCheck = 1530;
				TargetAttributes = {
					767367A02BD46F7A00513603 = {
						CreatedOnToolsVersion = 15.3;
					};
				};
			};
			buildConfigurationList = 7673679C2BD46F7A00513603 /* Build configuration list for PBXProject "Moros: Eternal" */;
			compatibilityVersion = "Xcode 14.0";
			developmentRegion = en;
			hasScannedForEncodings = 0;
			knownRegions = (
				en,
				Base,
			);
			mainGroup = 767367982BD46F7A00513603;
			productRefGroup = 767367A22BD46F7A00513603 /* Products */;
			projectDirPath = "";
			projectRoot = "";
			targets = (
				767367A02BD46F7A00513603 /* Moros: Eternal */,
			);
		};
/* End PBXProject section */

/* Begin PBXResourcesBuildPhase section */
		7673679F2BD46F7A00513603 /* Resources */ = {
			isa = PBXResourcesBuildPhase;
			buildActionMask = 2147483647;
			files = (
				767367B12BD46F7B00513603 /* Assets.xcassets in Resources */,
				767367B42BD46F7B00513603 /* Preview Assets.xcassets in Resources */,
				767367AF2BD46F7A00513603 /* ImageBasedLighting.skybox in Resources */,
			);
			runOnlyForDeploymentPostprocessing = 0;
		};
/* End PBXResourcesBuildPhase section */

/* Begin PBXSourcesBuildPhase section */
		7673679D2BD46F7A00513603 /* Sources */ = {
			isa = PBXSourcesBuildPhase;
			buildActionMask = 2147483647;
			files = (
				767367AB2BD46F7A00513603 /* ContentView.swift in Sources */,
				767367A92BD46F7A00513603 /* MorosEternalApp.swift in Sources */,
				767367AD2BD46F7A00513603 /* ImmersiveView.swift in Sources */,
			);
			runOnlyForDeploymentPostprocessing = 0;
		};
/* End PBXSourcesBuildPhase section */

/* Begin XCBuildConfiguration section */
		767367B62BD46F7B00513603 /* Debug */ = {
			isa = XCBuildConfiguration;
			buildSettings = {
				ALWAYS_SEARCH_USER_PATHS = NO;
				ASSETCATALOG_COMPILER_GENERATE_SWIFT_ASSET_SYMBOL_EXTENSIONS = YES;
				CLANG_ANALYZER_NONNULL = YES;
				CLANG_ANALYZER_NUMBER_OBJECT_CONVERSION = YES_AGGRESSIVE;
				CLANG_CXX_LANGUAGE_STANDARD = "gnu++20";
				CLANG_ENABLE_MODULES = YES;
				CLANG_ENABLE_OBJC_ARC = YES;
				CLANG_ENABLE_OBJC_WEAK = YES;
				CLANG_WARN_BLOCK_CAPTURE_AUTORELEASING = YES;
				CLANG_WARN_BOOL_CONVERSION = YES;
				CLANG_WARN_COMMA = YES;
				CLANG_WARN_CONSTANT_CONVERSION = YES;
				CLANG_WARN_DEPRECATED_OBJC_IMPLEMENTATIONS = YES;
				CLANG_WARN_DIRECT_OBJC_ISA_USAGE = YES_ERROR;
				CLANG_WARN_DOCUMENTATION_COMMENTS = YES;
				CLANG_WARN_EMPTY_BODY = YES;
				CLANG_WARN_ENUM_CONVERSION = YES;
				CLANG_WARN_INFINITE_RECURSION = YES;
				CLANG_WARN_INT_CONVERSION = YES;
				CLANG_WARN_NON_LITERAL_NULL_CONVERSION = YES;
				CLANG_WARN_OBJC_IMPLICIT_RETAIN_SELF = YES;
				CLANG_WARN_OBJC_LITERAL_CONVERSION = YES;
				CLANG_WARN_OBJC_ROOT_CLASS = YES_ERROR;
				CLANG_WARN_QUOTED_INCLUDE_IN_FRAMEWORK_HEADER = YES;
				CLANG_WARN_RANGE_LOOP_ANALYSIS = YES;
				CLANG_WARN_STRICT_PROTOTYPES = YES;
				CLANG_WARN_SUSPICIOUS_MOVE = YES;
				CLANG_WARN_UNGUARDED_AVAILABILITY = YES_AGGRESSIVE;
				CLANG_WARN_UNREACHABLE_CODE = YES;
				CLANG_WARN__DUPLICATE_METHOD_MATCH = YES;
				COPY_PHASE_STRIP = NO;
				DEBUG_INFORMATION_FORMAT = dwarf;
				ENABLE_STRICT_OBJC_MSGSEND = YES;
				ENABLE_TESTABILITY = YES;
				ENABLE_USER_SCRIPT_SANDBOXING = YES;
				GCC_C_LANGUAGE_STANDARD = gnu17;
				GCC_DYNAMIC_NO_PIC = NO;
				GCC_NO_COMMON_BLOCKS = YES;
				GCC_OPTIMIZATION_LEVEL = 0;
				GCC_PREPROCESSOR_DEFINITIONS = (
					"DEBUG=1",
					"$(inherited)",
				);
				GCC_WARN_64_TO_32_BIT_CONVERSION = YES;
				GCC_WARN_ABOUT_RETURN_TYPE = YES_ERROR;
				GCC_WARN_UNDECLARED_SELECTOR = YES;
				GCC_WARN_UNINITIALIZED_AUTOS = YES_AGGRESSIVE;
				GCC_WARN_UNUSED_FUNCTION = YES;
				GCC_WARN_UNUSED_VARIABLE = YES;
				LOCALIZATION_PREFERS_STRING_CATALOGS = YES;
				MTL_ENABLE_DEBUG_INFO = INCLUDE_SOURCE;
				MTL_FAST_MATH = YES;
				ONLY_ACTIVE_ARCH = YES;
				SDKROOT = xros;
				SWIFT_ACTIVE_COMPILATION_CONDITIONS = "DEBUG $(inherited)";
				SWIFT_OPTIMIZATION_LEVEL = "-Onone";
				XROS_DEPLOYMENT_TARGET = 1.1;
			};
			name = Debug;
		};
		767367B72BD46F7B00513603 /* Release */ = {
			isa = XCBuildConfiguration;
			buildSettings = {
				ALWAYS_SEARCH_USER_PATHS = NO;
				ASSETCATALOG_COMPILER_GENERATE_SWIFT_ASSET_SYMBOL_EXTENSIONS = YES;
				CLANG_ANALYZER_NONNULL = YES;
				CLANG_ANALYZER_NUMBER_OBJECT_CONVERSION = YES_AGGRESSIVE;
				CLANG_CXX_LANGUAGE_STANDARD = "gnu++20";
				CLANG_ENABLE_MODULES = YES;
				CLANG_ENABLE_OBJC_ARC = YES;
				CLANG_ENABLE_OBJC_WEAK = YES;
				CLANG_WARN_BLOCK_CAPTURE_AUTORELEASING = YES;
				CLANG_WARN_BOOL_CONVERSION = YES;
				CLANG_WARN_COMMA = YES;
				CLANG_WARN_CONSTANT_CONVERSION = YES;
				CLANG_WARN_DEPRECATED_OBJC_IMPLEMENTATIONS = YES;
				CLANG_WARN_DIRECT_OBJC_ISA_USAGE = YES_ERROR;
				CLANG_WARN_DOCUMENTATION_COMMENTS = YES;
				CLANG_WARN_EMPTY_BODY = YES;
				CLANG_WARN_ENUM_CONVERSION = YES;
				CLANG_WARN_INFINITE_RECURSION = YES;
				CLANG_WARN_INT_CONVERSION = YES;
				CLANG_WARN_NON_LITERAL_NULL_CONVERSION = YES;
				CLANG_WARN_OBJC_IMPLICIT_RETAIN_SELF = YES;
				CLANG_WARN_OBJC_LITERAL_CONVERSION = YES;
				CLANG_WARN_OBJC_ROOT_CLASS = YES_ERROR;
				CLANG_WARN_QUOTED_INCLUDE_IN_FRAMEWORK_HEADER = YES;
				CLANG_WARN_RANGE_LOOP_ANALYSIS = YES;
				CLANG_WARN_STRICT_PROTOTYPES = YES;
				CLANG_WARN_SUSPICIOUS_MOVE = YES;
				CLANG_WARN_UNGUARDED_AVAILABILITY = YES_AGGRESSIVE;
				CLANG_WARN_UNREACHABLE_CODE = YES;
				CLANG_WARN__DUPLICATE_METHOD_MATCH = YES;
				COPY_PHASE_STRIP = NO;
				DEBUG_INFORMATION_FORMAT = "dwarf-with-dsym";
				ENABLE_NS_ASSERTIONS = NO;
				ENABLE_STRICT_OBJC_MSGSEND = YES;
				ENABLE_USER_SCRIPT_SANDBOXING = YES;
				GCC_C_LANGUAGE_STANDARD = gnu17;
				GCC_NO_COMMON_BLOCKS = YES;
				GCC_WARN_64_TO_32_BIT_CONVERSION = YES;
				GCC_WARN_ABOUT_RETURN_TYPE = YES_ERROR;
				GCC_WARN_UNDECLARED_SELECTOR = YES;
				GCC_WARN_UNINITIALIZED_AUTOS = YES_AGGRESSIVE;
				GCC_WARN_UNUSED_FUNCTION = YES;
				GCC_WARN_UNUSED_VARIABLE = YES;
				LOCALIZATION_PREFERS_STRING_CATALOGS = YES;
				MTL_ENABLE_DEBUG_INFO = NO;
				MTL_FAST_MATH = YES;
				SDKROOT = xros;
				SWIFT_COMPILATION_MODE = wholemodule;
				VALIDATE_PRODUCT = YES;
				XROS_DEPLOYMENT_TARGET = 1.1;
			};
			name = Release;
		};
		767367B92BD46F7B00513603 /* Debug */ = {
			isa = XCBuildConfiguration;
			buildSettings = {
				ASSETCATALOG_COMPILER_APPICON_NAME = AppIcon;
				ASSETCATALOG_COMPILER_GLOBAL_ACCENT_COLOR_NAME = AccentColor;
				CODE_SIGN_STYLE = Automatic;
				CURRENT_PROJECT_VERSION = 1;
				DEVELOPMENT_ASSET_PATHS = "\"Moros: Eternal/Preview Content\"";
				DEVELOPMENT_TEAM = QJJM36L883;
				ENABLE_PREVIEWS = YES;
				GENERATE_INFOPLIST_FILE = YES;
				INFOPLIST_FILE = "$(TARGET_NAME)/Info.plist";
				LD_RUNPATH_SEARCH_PATHS = (
					"$(inherited)",
					"@executable_path/Frameworks",
				);
				MARKETING_VERSION = 1.0;
				PRODUCT_BUNDLE_IDENTIFIER = "teamfivethree.Moros--Eternal";
				PRODUCT_NAME = "$(TARGET_NAME)";
				SUPPORTED_PLATFORMS = "xros xrsimulator";
				SWIFT_EMIT_LOC_STRINGS = YES;
				SWIFT_VERSION = 5.0;
				TARGETED_DEVICE_FAMILY = "1,2,7";
			};
			name = Debug;
		};
		767367BA2BD46F7B00513603 /* Release */ = {
			isa = XCBuildConfiguration;
			buildSettings = {
				ASSETCATALOG_COMPILER_APPICON_NAME = AppIcon;
				ASSETCATALOG_COMPILER_GLOBAL_ACCENT_COLOR_NAME = AccentColor;
				CODE_SIGN_STYLE = Automatic;
				CURRENT_PROJECT_VERSION = 1;
				DEVELOPMENT_ASSET_PATHS = "\"Moros: Eternal/Preview Content\"";
				DEVELOPMENT_TEAM = QJJM36L883;
				ENABLE_PREVIEWS = YES;
				GENERATE_INFOPLIST_FILE = YES;
				INFOPLIST_FILE = "$(TARGET_NAME)/Info.plist";
				LD_RUNPATH_SEARCH_PATHS = (
					"$(inherited)",
					"@executable_path/Frameworks",
				);
				MARKETING_VERSION = 1.0;
				PRODUCT_BUNDLE_IDENTIFIER = "teamfivethree.Moros--Eternal";
				PRODUCT_NAME = "$(TARGET_NAME)";
				SUPPORTED_PLATFORMS = "xros xrsimulator";
				SWIFT_EMIT_LOC_STRINGS = YES;
				SWIFT_VERSION = 5.0;
				TARGETED_DEVICE_FAMILY = "1,2,7";
			};
			name = Release;
		};
/* End XCBuildConfiguration section */

/* Begin XCConfigurationList section */
		7673679C2BD46F7A00513603 /* Build configuration list for PBXProject "Moros: Eternal" */ = {
			isa = XCConfigurationList;
			buildConfigurations = (
				767367B62BD46F7B00513603 /* Debug */,
				767367B72BD46F7B00513603 /* Release */,
			);
			defaultConfigurationIsVisible = 0;
			defaultConfigurationName = Release;
		};
		767367B82BD46F7B00513603 /* Build configuration list for PBXNativeTarget "Moros: Eternal" */ = {
			isa = XCConfigurationList;
			buildConfigurations = (
				767367B92BD46F7B00513603 /* Debug */,
				767367BA2BD46F7B00513603 /* Release */,
			);
			defaultConfigurationIsVisible = 0;
			defaultConfigurationName = Release;
		};
/* End XCConfigurationList section */

/* Begin XCSwiftPackageProductDependency section */
		767367A62BD46F7A00513603 /* RealityKitContent */ = {
			isa = XCSwiftPackageProductDependency;
			productName = RealityKitContent;
		};
/* End XCSwiftPackageProductDependency section */
	};
	rootObject = 767367992BD46F7A00513603 /* Project object */;
}
