// !$*UTF8*$!
{
	archiveVersion = 1;
	classes = {
	};
	objectVersion = 56;
	objects = {

/* Begin PBXBuildFile section */
		4E42C5F92CCC35CD00CB8F6E /* wyvern_dragon.usdz in Resources */ = {isa = PBXBuildFile; fileRef = 4E42C5F82CCC35CD00CB8F6E /* wyvern_dragon.usdz */; };
		4E42C5FB2CCC409800CB8F6E /* WyvernDragon_flying.usdz in Resources */ = {isa = PBXBuildFile; fileRef = 4E42C5FA2CCC409800CB8F6E /* WyvernDragon_flying.usdz */; };
		4EDE91D22D03E217003CE297 /* WyvernDragon_flying_decimated_2.usdz in Resources */ = {isa = PBXBuildFile; fileRef = 4EDE91D12D03E217003CE297 /* WyvernDragon_flying_decimated_2.usdz */; };
		4EE10E812D0B99B600A45439 /* BlueOrbRCP.usdz in Resources */ = {isa = PBXBuildFile; fileRef = 4EE10E802D0B99B600A45439 /* BlueOrbRCP.usdz */; };
		4EE10E832D0B9A3200A45439 /* ChaoticOrb.swift in Sources */ = {isa = PBXBuildFile; fileRef = 4EE10E822D0B9A3200A45439 /* ChaoticOrb.swift */; };
		4EE10E852D110E4B00A45439 /* Frostbolt.mp3 in Resources */ = {isa = PBXBuildFile; fileRef = 4EE10E842D110E4B00A45439 /* Frostbolt.mp3 */; };
		767367ED2BD4751E00513603 /* RealityKitContent in Frameworks */ = {isa = PBXBuildFile; productRef = 767367EC2BD4751E00513603 /* RealityKitContent */; };
		767367EF2BD4751E00513603 /* moros_eternalApp.swift in Sources */ = {isa = PBXBuildFile; fileRef = 767367EE2BD4751E00513603 /* moros_eternalApp.swift */; };
		767367F12BD4751E00513603 /* ContentView.swift in Sources */ = {isa = PBXBuildFile; fileRef = 767367F02BD4751E00513603 /* ContentView.swift */; };
		767367F32BD4751E00513603 /* ImmersiveView.swift in Sources */ = {isa = PBXBuildFile; fileRef = 767367F22BD4751E00513603 /* ImmersiveView.swift */; };
		767367F52BD4751E00513603 /* ImageBasedLighting.skybox in Resources */ = {isa = PBXBuildFile; fileRef = 767367F42BD4751E00513603 /* ImageBasedLighting.skybox */; };
		767367F72BD4751F00513603 /* Assets.xcassets in Resources */ = {isa = PBXBuildFile; fileRef = 767367F62BD4751F00513603 /* Assets.xcassets */; };
		767367FA2BD4751F00513603 /* Preview Assets.xcassets in Resources */ = {isa = PBXBuildFile; fileRef = 767367F92BD4751F00513603 /* Preview Assets.xcassets */; };
		767368052BD56F7100513603 /* GameOverView.swift in Sources */ = {isa = PBXBuildFile; fileRef = 767368042BD56F7100513603 /* GameOverView.swift */; };
		7673680C2BD587CC00513603 /* Demon_Dragon_Full_Texture.usdz in Resources */ = {isa = PBXBuildFile; fileRef = 7673680B2BD587CC00513603 /* Demon_Dragon_Full_Texture.usdz */; };
		767368102BD5F0E200513603 /* FireballSound.wav in Resources */ = {isa = PBXBuildFile; fileRef = 7673680F2BD5F0E200513603 /* FireballSound.wav */; };
		767368122BD5F0FD00513603 /* EnemyDeath.mp3 in Resources */ = {isa = PBXBuildFile; fileRef = 767368112BD5F0FD00513603 /* EnemyDeath.mp3 */; };
		767368142BD5F13300513603 /* music.mp3 in Resources */ = {isa = PBXBuildFile; fileRef = 767368132BD5F13300513603 /* music.mp3 */; };
/* End PBXBuildFile section */

/* Begin PBXFileReference section */
		4E42C5F82CCC35CD00CB8F6E /* wyvern_dragon.usdz */ = {isa = PBXFileReference; lastKnownFileType = file; path = wyvern_dragon.usdz; sourceTree = "<group>"; };
		4E42C5FA2CCC409800CB8F6E /* WyvernDragon_flying.usdz */ = {isa = PBXFileReference; lastKnownFileType = file; path = WyvernDragon_flying.usdz; sourceTree = "<group>"; };
		4EDE91D12D03E217003CE297 /* WyvernDragon_flying_decimated_2.usdz */ = {isa = PBXFileReference; lastKnownFileType = file; path = WyvernDragon_flying_decimated_2.usdz; sourceTree = "<group>"; };
		4EE10E802D0B99B600A45439 /* BlueOrbRCP.usdz */ = {isa = PBXFileReference; lastKnownFileType = file; path = BlueOrbRCP.usdz; sourceTree = "<group>"; };
		4EE10E822D0B9A3200A45439 /* ChaoticOrb.swift */ = {isa = PBXFileReference; lastKnownFileType = sourcecode.swift; path = ChaoticOrb.swift; sourceTree = "<group>"; };
		4EE10E842D110E4B00A45439 /* Frostbolt.mp3 */ = {isa = PBXFileReference; lastKnownFileType = audio.mp3; path = Frostbolt.mp3; sourceTree = "<group>"; };
		767367E72BD4751E00513603 /* moros-eternal.app */ = {isa = PBXFileReference; explicitFileType = wrapper.application; includeInIndex = 0; path = "moros-eternal.app"; sourceTree = BUILT_PRODUCTS_DIR; };
		767367EB2BD4751E00513603 /* RealityKitContent */ = {isa = PBXFileReference; lastKnownFileType = wrapper; path = RealityKitContent; sourceTree = "<group>"; };
		767367EE2BD4751E00513603 /* moros_eternalApp.swift */ = {isa = PBXFileReference; lastKnownFileType = sourcecode.swift; path = moros_eternalApp.swift; sourceTree = "<group>"; };
		767367F02BD4751E00513603 /* ContentView.swift */ = {isa = PBXFileReference; lastKnownFileType = sourcecode.swift; path = ContentView.swift; sourceTree = "<group>"; };
		767367F22BD4751E00513603 /* ImmersiveView.swift */ = {isa = PBXFileReference; lastKnownFileType = sourcecode.swift; path = ImmersiveView.swift; sourceTree = "<group>"; };
		767367F42BD4751E00513603 /* ImageBasedLighting.skybox */ = {isa = PBXFileReference; lastKnownFileType = file.skybox; path = ImageBasedLighting.skybox; sourceTree = "<group>"; };
		767367F62BD4751F00513603 /* Assets.xcassets */ = {isa = PBXFileReference; lastKnownFileType = folder.assetcatalog; path = Assets.xcassets; sourceTree = "<group>"; };
		767367F92BD4751F00513603 /* Preview Assets.xcassets */ = {isa = PBXFileReference; lastKnownFileType = folder.assetcatalog; path = "Preview Assets.xcassets"; sourceTree = "<group>"; };
		767367FB2BD4751F00513603 /* Info.plist */ = {isa = PBXFileReference; lastKnownFileType = text.plist.xml; path = Info.plist; sourceTree = "<group>"; };
		767368042BD56F7100513603 /* GameOverView.swift */ = {isa = PBXFileReference; lastKnownFileType = sourcecode.swift; path = GameOverView.swift; sourceTree = "<group>"; };
		7673680B2BD587CC00513603 /* Demon_Dragon_Full_Texture.usdz */ = {isa = PBXFileReference; lastKnownFileType = file.usdz; path = Demon_Dragon_Full_Texture.usdz; sourceTree = "<group>"; };
		7673680F2BD5F0E200513603 /* FireballSound.wav */ = {isa = PBXFileReference; lastKnownFileType = audio.wav; path = FireballSound.wav; sourceTree = "<group>"; };
		767368112BD5F0FD00513603 /* EnemyDeath.mp3 */ = {isa = PBXFileReference; lastKnownFileType = audio.mp3; path = EnemyDeath.mp3; sourceTree = "<group>"; };
		767368132BD5F13300513603 /* music.mp3 */ = {isa = PBXFileReference; lastKnownFileType = audio.mp3; path = music.mp3; sourceTree = "<group>"; };
/* End PBXFileReference section */

/* Begin PBXFrameworksBuildPhase section */
		767367E42BD4751E00513603 /* Frameworks */ = {
			isa = PBXFrameworksBuildPhase;
			buildActionMask = 2147483647;
			files = (
				767367ED2BD4751E00513603 /* RealityKitContent in Frameworks */,
			);
			runOnlyForDeploymentPostprocessing = 0;
		};
/* End PBXFrameworksBuildPhase section */

/* Begin PBXGroup section */
		767367DE2BD4751E00513603 = {
			isa = PBXGroup;
			children = (
				767367E92BD4751E00513603 /* moros-eternal */,
				767367EA2BD4751E00513603 /* Packages */,
				767367E82BD4751E00513603 /* Products */,
			);
			sourceTree = "<group>";
		};
		767367E82BD4751E00513603 /* Products */ = {
			isa = PBXGroup;
			children = (
				767367E72BD4751E00513603 /* moros-eternal.app */,
			);
			name = Products;
			sourceTree = "<group>";
		};
		767367E92BD4751E00513603 /* moros-eternal */ = {
			isa = PBXGroup;
			children = (
				4EE10E822D0B9A3200A45439 /* ChaoticOrb.swift */,
				767368082BD587A900513603 /* USDZs */,
				767367EE2BD4751E00513603 /* moros_eternalApp.swift */,
				767367F02BD4751E00513603 /* ContentView.swift */,
				767367F22BD4751E00513603 /* ImmersiveView.swift */,
				767368152BD5F13700513603 /* sound */,
				767368042BD56F7100513603 /* GameOverView.swift */,
				767367F42BD4751E00513603 /* ImageBasedLighting.skybox */,
				767367F62BD4751F00513603 /* Assets.xcassets */,
				767367FB2BD4751F00513603 /* Info.plist */,
				767367F82BD4751F00513603 /* Preview Content */,
			);
			path = "moros-eternal";
			sourceTree = "<group>";
		};
		767367EA2BD4751E00513603 /* Packages */ = {
			isa = PBXGroup;
			children = (
				767367EB2BD4751E00513603 /* RealityKitContent */,
			);
			path = Packages;
			sourceTree = "<group>";
		};
		767367F82BD4751F00513603 /* Preview Content */ = {
			isa = PBXGroup;
			children = (
				767367F92BD4751F00513603 /* Preview Assets.xcassets */,
			);
			path = "Preview Content";
			sourceTree = "<group>";
		};
		767368082BD587A900513603 /* USDZs */ = {
			isa = PBXGroup;
			children = (
				4EE10E802D0B99B600A45439 /* BlueOrbRCP.usdz */,
				4EDE91D12D03E217003CE297 /* WyvernDragon_flying_decimated_2.usdz */,
				7673680B2BD587CC00513603 /* Demon_Dragon_Full_Texture.usdz */,
				4E42C5FA2CCC409800CB8F6E /* WyvernDragon_flying.usdz */,
				4E42C5F82CCC35CD00CB8F6E /* wyvern_dragon.usdz */,
			);
			path = USDZs;
			sourceTree = "<group>";
		};
		767368152BD5F13700513603 /* sound */ = {
			isa = PBXGroup;
			children = (
				4EE10E842D110E4B00A45439 /* Frostbolt.mp3 */,
				767368112BD5F0FD00513603 /* EnemyDeath.mp3 */,
				7673680F2BD5F0E200513603 /* FireballSound.wav */,
				767368132BD5F13300513603 /* music.mp3 */,
			);
			path = sound;
			sourceTree = "<group>";
		};
/* End PBXGroup section */

/* Begin PBXNativeTarget section */
		767367E62BD4751E00513603 /* moros-eternal */ = {
			isa = PBXNativeTarget;
			buildConfigurationList = 767367FE2BD4751F00513603 /* Build configuration list for PBXNativeTarget "moros-eternal" */;
			buildPhases = (
				767367E32BD4751E00513603 /* Sources */,
				767367E42BD4751E00513603 /* Frameworks */,
				767367E52BD4751E00513603 /* Resources */,
			);
			buildRules = (
			);
			dependencies = (
			);
			name = "moros-eternal";
			packageProductDependencies = (
				767367EC2BD4751E00513603 /* RealityKitContent */,
			);
			productName = "moros-eternal";
			productReference = 767367E72BD4751E00513603 /* moros-eternal.app */;
			productType = "com.apple.product-type.application";
		};
/* End PBXNativeTarget section */

/* Begin PBXProject section */
		767367DF2BD4751E00513603 /* Project object */ = {
			isa = PBXProject;
			attributes = {
				BuildIndependentTargetsInParallel = 1;
				LastSwiftUpdateCheck = 1530;
				LastUpgradeCheck = 1530;
				TargetAttributes = {
					767367E62BD4751E00513603 = {
						CreatedOnToolsVersion = 15.3;
					};
				};
			};
			buildConfigurationList = 767367E22BD4751E00513603 /* Build configuration list for PBXProject "moros-eternal" */;
			compatibilityVersion = "Xcode 14.0";
			developmentRegion = en;
			hasScannedForEncodings = 0;
			knownRegions = (
				en,
				Base,
			);
			mainGroup = 767367DE2BD4751E00513603;
			productRefGroup = 767367E82BD4751E00513603 /* Products */;
			projectDirPath = "";
			projectRoot = "";
			targets = (
				767367E62BD4751E00513603 /* moros-eternal */,
			);
		};
/* End PBXProject section */

/* Begin PBXResourcesBuildPhase section */
		767367E52BD4751E00513603 /* Resources */ = {
			isa = PBXResourcesBuildPhase;
			buildActionMask = 2147483647;
			files = (
				767367F72BD4751F00513603 /* Assets.xcassets in Resources */,
				7673680C2BD587CC00513603 /* Demon_Dragon_Full_Texture.usdz in Resources */,
				767368102BD5F0E200513603 /* FireballSound.wav in Resources */,
				767367FA2BD4751F00513603 /* Preview Assets.xcassets in Resources */,
				4E42C5F92CCC35CD00CB8F6E /* wyvern_dragon.usdz in Resources */,
				767368122BD5F0FD00513603 /* EnemyDeath.mp3 in Resources */,
				4EE10E852D110E4B00A45439 /* Frostbolt.mp3 in Resources */,
				767368142BD5F13300513603 /* music.mp3 in Resources */,
				4EDE91D22D03E217003CE297 /* WyvernDragon_flying_decimated_2.usdz in Resources */,
				4EE10E812D0B99B600A45439 /* BlueOrbRCP.usdz in Resources */,
				767367F52BD4751E00513603 /* ImageBasedLighting.skybox in Resources */,
				4E42C5FB2CCC409800CB8F6E /* WyvernDragon_flying.usdz in Resources */,
			);
			runOnlyForDeploymentPostprocessing = 0;
		};
/* End PBXResourcesBuildPhase section */

/* Begin PBXSourcesBuildPhase section */
		767367E32BD4751E00513603 /* Sources */ = {
			isa = PBXSourcesBuildPhase;
			buildActionMask = 2147483647;
			files = (
				767367F12BD4751E00513603 /* ContentView.swift in Sources */,
				4EE10E832D0B9A3200A45439 /* ChaoticOrb.swift in Sources */,
				767367EF2BD4751E00513603 /* moros_eternalApp.swift in Sources */,
				767368052BD56F7100513603 /* GameOverView.swift in Sources */,
				767367F32BD4751E00513603 /* ImmersiveView.swift in Sources */,
			);
			runOnlyForDeploymentPostprocessing = 0;
		};
/* End PBXSourcesBuildPhase section */

/* Begin XCBuildConfiguration section */
		767367FC2BD4751F00513603 /* Debug */ = {
			isa = XCBuildConfiguration;
			buildSettings = {
				ALWAYS_SEARCH_USER_PATHS = NO;
				ASSETCATALOG_COMPILER_GENERATE_SWIFT_ASSET_SYMBOL_EXTENSIONS = YES;
				CLANG_ANALYZER_NONNULL = YES;
				CLANG_ANALYZER_NUMBER_OBJECT_CONVERSION = YES_AGGRESSIVE;
				CLANG_CXX_LANGUAGE_STANDARD = "gnu++20";
				CLANG_ENABLE_MODULES = YES;
				CLANG_ENABLE_OBJC_ARC = YES;
				CLANG_ENABLE_OBJC_WEAK = YES;
				CLANG_WARN_BLOCK_CAPTURE_AUTORELEASING = YES;
				CLANG_WARN_BOOL_CONVERSION = YES;
				CLANG_WARN_COMMA = YES;
				CLANG_WARN_CONSTANT_CONVERSION = YES;
				CLANG_WARN_DEPRECATED_OBJC_IMPLEMENTATIONS = YES;
				CLANG_WARN_DIRECT_OBJC_ISA_USAGE = YES_ERROR;
				CLANG_WARN_DOCUMENTATION_COMMENTS = YES;
				CLANG_WARN_EMPTY_BODY = YES;
				CLANG_WARN_ENUM_CONVERSION = YES;
				CLANG_WARN_INFINITE_RECURSION = YES;
				CLANG_WARN_INT_CONVERSION = YES;
				CLANG_WARN_NON_LITERAL_NULL_CONVERSION = YES;
				CLANG_WARN_OBJC_IMPLICIT_RETAIN_SELF = YES;
				CLANG_WARN_OBJC_LITERAL_CONVERSION = YES;
				CLANG_WARN_OBJC_ROOT_CLASS = YES_ERROR;
				CLANG_WARN_QUOTED_INCLUDE_IN_FRAMEWORK_HEADER = YES;
				CLANG_WARN_RANGE_LOOP_ANALYSIS = YES;
				CLANG_WARN_STRICT_PROTOTYPES = YES;
				CLANG_WARN_SUSPICIOUS_MOVE = YES;
				CLANG_WARN_UNGUARDED_AVAILABILITY = YES_AGGRESSIVE;
				CLANG_WARN_UNREACHABLE_CODE = YES;
				CLANG_WARN__DUPLICATE_METHOD_MATCH = YES;
				COPY_PHASE_STRIP = NO;
				DEBUG_INFORMATION_FORMAT = dwarf;
				ENABLE_STRICT_OBJC_MSGSEND = YES;
				ENABLE_TESTABILITY = YES;
				ENABLE_USER_SCRIPT_SANDBOXING = YES;
				GCC_C_LANGUAGE_STANDARD = gnu17;
				GCC_DYNAMIC_NO_PIC = NO;
				GCC_NO_COMMON_BLOCKS = YES;
				GCC_OPTIMIZATION_LEVEL = 0;
				GCC_PREPROCESSOR_DEFINITIONS = (
					"DEBUG=1",
					"$(inherited)",
				);
				GCC_WARN_64_TO_32_BIT_CONVERSION = YES;
				GCC_WARN_ABOUT_RETURN_TYPE = YES_ERROR;
				GCC_WARN_UNDECLARED_SELECTOR = YES;
				GCC_WARN_UNINITIALIZED_AUTOS = YES_AGGRESSIVE;
				GCC_WARN_UNUSED_FUNCTION = YES;
				GCC_WARN_UNUSED_VARIABLE = YES;
				LOCALIZATION_PREFERS_STRING_CATALOGS = YES;
				MTL_ENABLE_DEBUG_INFO = INCLUDE_SOURCE;
				MTL_FAST_MATH = YES;
				ONLY_ACTIVE_ARCH = YES;
				SDKROOT = xros;
				SWIFT_ACTIVE_COMPILATION_CONDITIONS = "DEBUG $(inherited)";
				SWIFT_OPTIMIZATION_LEVEL = "-Onone";
				XROS_DEPLOYMENT_TARGET = 1.1;
			};
			name = Debug;
		};
		767367FD2BD4751F00513603 /* Release */ = {
			isa = XCBuildConfiguration;
			buildSettings = {
				ALWAYS_SEARCH_USER_PATHS = NO;
				ASSETCATALOG_COMPILER_GENERATE_SWIFT_ASSET_SYMBOL_EXTENSIONS = YES;
				CLANG_ANALYZER_NONNULL = YES;
				CLANG_ANALYZER_NUMBER_OBJECT_CONVERSION = YES_AGGRESSIVE;
				CLANG_CXX_LANGUAGE_STANDARD = "gnu++20";
				CLANG_ENABLE_MODULES = YES;
				CLANG_ENABLE_OBJC_ARC = YES;
				CLANG_ENABLE_OBJC_WEAK = YES;
				CLANG_WARN_BLOCK_CAPTURE_AUTORELEASING = YES;
				CLANG_WARN_BOOL_CONVERSION = YES;
				CLANG_WARN_COMMA = YES;
				CLANG_WARN_CONSTANT_CONVERSION = YES;
				CLANG_WARN_DEPRECATED_OBJC_IMPLEMENTATIONS = YES;
				CLANG_WARN_DIRECT_OBJC_ISA_USAGE = YES_ERROR;
				CLANG_WARN_DOCUMENTATION_COMMENTS = YES;
				CLANG_WARN_EMPTY_BODY = YES;
				CLANG_WARN_ENUM_CONVERSION = YES;
				CLANG_WARN_INFINITE_RECURSION = YES;
				CLANG_WARN_INT_CONVERSION = YES;
				CLANG_WARN_NON_LITERAL_NULL_CONVERSION = YES;
				CLANG_WARN_OBJC_IMPLICIT_RETAIN_SELF = YES;
				CLANG_WARN_OBJC_LITERAL_CONVERSION = YES;
				CLANG_WARN_OBJC_ROOT_CLASS = YES_ERROR;
				CLANG_WARN_QUOTED_INCLUDE_IN_FRAMEWORK_HEADER = YES;
				CLANG_WARN_RANGE_LOOP_ANALYSIS = YES;
				CLANG_WARN_STRICT_PROTOTYPES = YES;
				CLANG_WARN_SUSPICIOUS_MOVE = YES;
				CLANG_WARN_UNGUARDED_AVAILABILITY = YES_AGGRESSIVE;
				CLANG_WARN_UNREACHABLE_CODE = YES;
				CLANG_WARN__DUPLICATE_METHOD_MATCH = YES;
				COPY_PHASE_STRIP = NO;
				DEBUG_INFORMATION_FORMAT = "dwarf-with-dsym";
				ENABLE_NS_ASSERTIONS = NO;
				ENABLE_STRICT_OBJC_MSGSEND = YES;
				ENABLE_USER_SCRIPT_SANDBOXING = YES;
				GCC_C_LANGUAGE_STANDARD = gnu17;
				GCC_NO_COMMON_BLOCKS = YES;
				GCC_WARN_64_TO_32_BIT_CONVERSION = YES;
				GCC_WARN_ABOUT_RETURN_TYPE = YES_ERROR;
				GCC_WARN_UNDECLARED_SELECTOR = YES;
				GCC_WARN_UNINITIALIZED_AUTOS = YES_AGGRESSIVE;
				GCC_WARN_UNUSED_FUNCTION = YES;
				GCC_WARN_UNUSED_VARIABLE = YES;
				LOCALIZATION_PREFERS_STRING_CATALOGS = YES;
				MTL_ENABLE_DEBUG_INFO = NO;
				MTL_FAST_MATH = YES;
				SDKROOT = xros;
				SWIFT_COMPILATION_MODE = wholemodule;
				VALIDATE_PRODUCT = YES;
				XROS_DEPLOYMENT_TARGET = 1.1;
			};
			name = Release;
		};
		767367FF2BD4751F00513603 /* Debug */ = {
			isa = XCBuildConfiguration;
			buildSettings = {
				ASSETCATALOG_COMPILER_APPICON_NAME = AppIcon;
				ASSETCATALOG_COMPILER_GLOBAL_ACCENT_COLOR_NAME = AccentColor;
				CODE_SIGN_IDENTITY = "Apple Development";
				CODE_SIGN_STYLE = Automatic;
				CURRENT_PROJECT_VERSION = 1;
				DEVELOPMENT_ASSET_PATHS = "\"moros-eternal/Preview Content\"";
				DEVELOPMENT_TEAM = QJJM36L883;
				ENABLE_PREVIEWS = YES;
				GENERATE_INFOPLIST_FILE = YES;
				INFOPLIST_FILE = "$(TARGET_NAME)/Info.plist";
				INFOPLIST_KEY_CFBundleDisplayName = "Moros: Academy";
				INFOPLIST_KEY_LSApplicationCategoryType = "public.app-category.action-games";
				LD_RUNPATH_SEARCH_PATHS = (
					"$(inherited)",
					"@executable_path/Frameworks",
				);
				MARKETING_VERSION = 1.0;
				PRODUCT_BUNDLE_IDENTIFIER = "com.gabrieluribe.moros-academy";
				PRODUCT_NAME = "$(TARGET_NAME)";
				PROVISIONING_PROFILE_SPECIFIER = "";
				SUPPORTED_PLATFORMS = "xros xrsimulator";
				SWIFT_EMIT_LOC_STRINGS = YES;
				SWIFT_VERSION = 5.0;
				TARGETED_DEVICE_FAMILY = "1,2,7";
			};
			name = Debug;
		};
		767368002BD4751F00513603 /* Release */ = {
			isa = XCBuildConfiguration;
			buildSettings = {
				ASSETCATALOG_COMPILER_APPICON_NAME = AppIcon;
				ASSETCATALOG_COMPILER_GLOBAL_ACCENT_COLOR_NAME = AccentColor;
				CODE_SIGN_IDENTITY = "Apple Development";
				CODE_SIGN_STYLE = Automatic;
				CURRENT_PROJECT_VERSION = 1;
				DEVELOPMENT_ASSET_PATHS = "\"moros-eternal/Preview Content\"";
				DEVELOPMENT_TEAM = QJJM36L883;
				ENABLE_PREVIEWS = YES;
				GENERATE_INFOPLIST_FILE = YES;
				INFOPLIST_FILE = "$(TARGET_NAME)/Info.plist";
				INFOPLIST_KEY_CFBundleDisplayName = "Moros: Academy";
				INFOPLIST_KEY_LSApplicationCategoryType = "public.app-category.action-games";
				LD_RUNPATH_SEARCH_PATHS = (
					"$(inherited)",
					"@executable_path/Frameworks",
				);
				MARKETING_VERSION = 1.0;
				PRODUCT_BUNDLE_IDENTIFIER = "com.gabrieluribe.moros-academy";
				PRODUCT_NAME = "$(TARGET_NAME)";
				PROVISIONING_PROFILE_SPECIFIER = "";
				SUPPORTED_PLATFORMS = "xros xrsimulator";
				SWIFT_EMIT_LOC_STRINGS = YES;
				SWIFT_VERSION = 5.0;
				TARGETED_DEVICE_FAMILY = "1,2,7";
			};
			name = Release;
		};
/* End XCBuildConfiguration section */

/* Begin XCConfigurationList section */
		767367E22BD4751E00513603 /* Build configuration list for PBXProject "moros-eternal" */ = {
			isa = XCConfigurationList;
			buildConfigurations = (
				767367FC2BD4751F00513603 /* Debug */,
				767367FD2BD4751F00513603 /* Release */,
			);
			defaultConfigurationIsVisible = 0;
			defaultConfigurationName = Release;
		};
		767367FE2BD4751F00513603 /* Build configuration list for PBXNativeTarget "moros-eternal" */ = {
			isa = XCConfigurationList;
			buildConfigurations = (
				767367FF2BD4751F00513603 /* Debug */,
				767368002BD4751F00513603 /* Release */,
			);
			defaultConfigurationIsVisible = 0;
			defaultConfigurationName = Release;
		};
/* End XCConfigurationList section */

/* Begin XCSwiftPackageProductDependency section */
		767367EC2BD4751E00513603 /* RealityKitContent */ = {
			isa = XCSwiftPackageProductDependency;
			productName = RealityKitContent;
		};
/* End XCSwiftPackageProductDependency section */
	};
	rootObject = 767367DF2BD4751E00513603 /* Project object */;
}
